{
  "name": "3d_test",
  "version": "1.0.0",
  "lockfileVersion": 3,
  "requires": true,
  "packages": {
    "": {
      "name": "3d_test",
      "version": "1.0.0",
      "license": "ISC",
      "dependencies": {
        "three": "^0.135.0",
        "three-mesh-bvh": "^0.5.5",
        "web-ifc": "0.0.35",
        "web-ifc-three": "^0.0.117",
        "web-ifc-viewer": "^1.0.192"
      },
      "devDependencies": {
        "@rollup/plugin-node-resolve": "^11.2.1",
        "rollup": "^2.45.2"
      }
    },
    "node_modules/@rollup/plugin-node-resolve": {
      "version": "11.2.1",
      "resolved": "https://mirrors.cloud.tencent.com/npm/@rollup/plugin-node-resolve/-/plugin-node-resolve-11.2.1.tgz",
      "integrity": "sha512-yc2n43jcqVyGE2sqV5/YCmocy9ArjVAP/BeXyTtADTBBX6V0e5UMqwO8CdQ0kzjb6zu5P1qMzsScCMRvE9OlVg==",
      "dev": true,
      "dependencies": {
        "@rollup/pluginutils": "^3.1.0",
        "@types/resolve": "1.17.1",
        "builtin-modules": "^3.1.0",
        "deepmerge": "^4.2.2",
        "is-module": "^1.0.0",
        "resolve": "^1.19.0"
      },
      "engines": {
        "node": ">= 10.0.0"
      },
      "peerDependencies": {
        "rollup": "^1.20.0||^2.0.0"
      }
    },
    "node_modules/@rollup/pluginutils": {
      "version": "3.1.0",
      "resolved": "https://mirrors.cloud.tencent.com/npm/@rollup/pluginutils/-/pluginutils-3.1.0.tgz",
      "integrity": "sha512-GksZ6pr6TpIjHm8h9lSQ8pi8BE9VeubNT0OMJ3B5uZJ8pz73NPiqOtCog/x2/QzM1ENChPKxMDhiQuRHsqc+lg==",
      "dev": true,
      "dependencies": {
        "@types/estree": "0.0.39",
        "estree-walker": "^1.0.1",
        "picomatch": "^2.2.2"
      },
      "engines": {
        "node": ">= 8.0.0"
      },
      "peerDependencies": {
        "rollup": "^1.20.0||^2.0.0"
      }
    },
    "node_modules/@types/estree": {
      "version": "0.0.39",
      "resolved": "https://mirrors.cloud.tencent.com/npm/@types/estree/-/estree-0.0.39.tgz",
      "integrity": "sha512-EYNwp3bU+98cpU4lAWYYL7Zz+2gryWH1qbdDTidVd6hkiR6weksdbMadyXKXNPEkQFhXM+hVO9ZygomHXp+AIw==",
      "dev": true
    },
    "node_modules/@types/node": {
      "version": "20.4.4",
      "resolved": "https://mirrors.cloud.tencent.com/npm/@types/node/-/node-20.4.4.tgz",
      "integrity": "sha512-CukZhumInROvLq3+b5gLev+vgpsIqC2D0deQr/yS1WnxvmYLlJXZpaQrQiseMY+6xusl79E04UjWoqyr+t1/Ew==",
      "dev": true
    },
    "node_modules/@types/resolve": {
      "version": "1.17.1",
      "resolved": "https://mirrors.cloud.tencent.com/npm/@types/resolve/-/resolve-1.17.1.tgz",
      "integrity": "sha512-yy7HuzQhj0dhGpD8RLXSZWEkLsV9ibvxvi6EiJ3bkqLAO1RGo0WbkWQiwpRlSFymTJRz0d3k5LM3kkx8ArDbLw==",
      "dev": true,
      "dependencies": {
        "@types/node": "*"
      }
    },
    "node_modules/builtin-modules": {
      "version": "3.3.0",
      "resolved": "https://mirrors.cloud.tencent.com/npm/builtin-modules/-/builtin-modules-3.3.0.tgz",
      "integrity": "sha512-zhaCDicdLuWN5UbN5IMnFqNMhNfo919sH85y2/ea+5Yg9TsTkeZxpL+JLbp6cgYFS4sRLp3YV4S6yDuqVWHYOw==",
      "dev": true,
      "engines": {
        "node": ">=6"
      },
      "funding": {
        "url": "https://github.com/sponsors/sindresorhus"
      }
    },
    "node_modules/camera-controls": {
      "version": "1.38.2",
      "resolved": "https://mirrors.cloud.tencent.com/npm/camera-controls/-/camera-controls-1.38.2.tgz",
      "integrity": "sha512-EfzbovxLssyWpJVG9uKcazSDDIEcd1hUsPhPF/OWWnICsKY9WbLY/2S4UPW73HHbvnVeR/Z9wsWaQKtANy/2Yg==",
      "peerDependencies": {
        "three": ">=0.126.1"
      }
    },
    "node_modules/dat.gui": {
      "version": "0.7.9",
      "resolved": "https://mirrors.cloud.tencent.com/npm/dat.gui/-/dat.gui-0.7.9.tgz",
      "integrity": "sha512-sCNc1OHobc+Erc1HqiswYgHdVNpSJUlk/Hz8vzOCsER7rl+oF/4+v8GXFUyCgtXpoCX6+bnmg07DedLvBLwYKQ=="
    },
    "node_modules/deepmerge": {
      "version": "4.3.1",
      "resolved": "https://mirrors.cloud.tencent.com/npm/deepmerge/-/deepmerge-4.3.1.tgz",
      "integrity": "sha512-3sUqbMEc77XqpdNO7FRyRog+eW3ph+GYCbj+rK+uYyRMuwsVy0rMiVtPn+QJlKFvWP/1PYpapqYn0Me2knFn+A==",
      "dev": true,
      "engines": {
        "node": ">=0.10.0"
      }
    },
    "node_modules/estree-walker": {
      "version": "1.0.1",
      "resolved": "https://mirrors.cloud.tencent.com/npm/estree-walker/-/estree-walker-1.0.1.tgz",
      "integrity": "sha512-1fMXF3YP4pZZVozF8j/ZLfvnR8NSIljt56UhbZ5PeeDmmGHpgpdwQt7ITlGvYaQukCvuBRMLEiKiYC+oeIg4cg==",
      "dev": true
    },
    "node_modules/fsevents": {
      "version": "2.3.2",
      "resolved": "https://mirrors.cloud.tencent.com/npm/fsevents/-/fsevents-2.3.2.tgz",
      "integrity": "sha512-xiqMQR4xAeHTuB9uWm+fFRcIOgKBMiOBP+eXiyT7jsgVCq1bkVygt00oASowB7EdtpOHaaPgKt812P9ab+DDKA==",
      "dev": true,
      "hasInstallScript": true,
      "optional": true,
      "os": [
        "darwin"
      ],
      "engines": {
        "node": "^8.16.0 || ^10.6.0 || >=11.0.0"
      }
    },
    "node_modules/function-bind": {
      "version": "1.1.1",
      "resolved": "https://mirrors.cloud.tencent.com/npm/function-bind/-/function-bind-1.1.1.tgz",
      "integrity": "sha512-yIovAzMX49sF8Yl58fSCWJ5svSLuaibPxXQJFLmBObTuCr0Mf1KiPopGM9NiFjiYBCbfaa2Fh6breQ6ANVTI0A==",
      "dev": true
    },
    "node_modules/gsap": {
      "version": "3.12.2",
      "resolved": "https://mirrors.cloud.tencent.com/npm/gsap/-/gsap-3.12.2.tgz",
      "integrity": "sha512-EkYnpG8qHgYBFAwsgsGEqvT1WUidX0tt/ijepx7z8EUJHElykg91RvW1XbkT59T0gZzzszOpjQv7SE41XuIXyQ=="
    },
    "node_modules/has": {
      "version": "1.0.3",
      "resolved": "https://mirrors.cloud.tencent.com/npm/has/-/has-1.0.3.tgz",
      "integrity": "sha512-f2dvO0VU6Oej7RkWJGrehjbzMAjFp5/VKPp5tTpWIV4JHHZK1/BxbFRtf/siA2SWTe09caDmVtYYzWEIbBS4zw==",
      "dev": true,
      "dependencies": {
        "function-bind": "^1.1.1"
      },
      "engines": {
        "node": ">= 0.4.0"
      }
    },
    "node_modules/is-core-module": {
      "version": "2.12.1",
      "resolved": "https://mirrors.cloud.tencent.com/npm/is-core-module/-/is-core-module-2.12.1.tgz",
      "integrity": "sha512-Q4ZuBAe2FUsKtyQJoQHlvP8OvBERxO3jEmy1I7hcRXcJBGGHFh/aJBswbXuS9sgrDH2QUO8ilkwNPHvHMd8clg==",
      "dev": true,
      "dependencies": {
        "has": "^1.0.3"
      },
      "funding": {
        "url": "https://github.com/sponsors/ljharb"
      }
    },
    "node_modules/is-module": {
      "version": "1.0.0",
      "resolved": "https://mirrors.cloud.tencent.com/npm/is-module/-/is-module-1.0.0.tgz",
      "integrity": "sha1-Mlj7afeMFNW4FdZkM2tM/7ZEFZE=",
      "dev": true
    },
    "node_modules/path-parse": {
      "version": "1.0.7",
      "resolved": "https://mirrors.cloud.tencent.com/npm/path-parse/-/path-parse-1.0.7.tgz",
      "integrity": "sha512-LDJzPVEEEPR+y48z93A0Ed0yXb8pAByGWo/k5YYdYgpY2/2EsOsksJrq7lOHxryrVOn1ejG6oAp8ahvOIQD8sw==",
      "dev": true
    },
    "node_modules/picomatch": {
      "version": "2.3.1",
      "resolved": "https://mirrors.cloud.tencent.com/npm/picomatch/-/picomatch-2.3.1.tgz",
      "integrity": "sha512-JU3teHTNjmE2VCGFzuY8EXzCDVwEqB2a8fsIvwaStHhAWJEeVd1o1QD80CU6+ZdEXXSLbSsuLwJjkCBWqRQUVA==",
      "dev": true,
      "engines": {
        "node": ">=8.6"
      },
      "funding": {
        "url": "https://github.com/sponsors/jonschlinkert"
      }
    },
    "node_modules/resolve": {
      "version": "1.22.2",
      "resolved": "https://mirrors.cloud.tencent.com/npm/resolve/-/resolve-1.22.2.tgz",
      "integrity": "sha512-Sb+mjNHOULsBv818T40qSPeRiuWLyaGMa5ewydRLFimneixmVy2zdivRl+AF6jaYPC8ERxGDmFSiqui6SfPd+g==",
      "dev": true,
      "dependencies": {
        "is-core-module": "^2.11.0",
        "path-parse": "^1.0.7",
        "supports-preserve-symlinks-flag": "^1.0.0"
      },
      "bin": {
        "resolve": "bin/resolve"
      },
      "funding": {
        "url": "https://github.com/sponsors/ljharb"
      }
    },
    "node_modules/rollup": {
      "version": "2.79.1",
      "resolved": "https://mirrors.cloud.tencent.com/npm/rollup/-/rollup-2.79.1.tgz",
      "integrity": "sha512-uKxbd0IhMZOhjAiD5oAFp7BqvkA4Dv47qpOCtaNvng4HBwdbWtdOh8f5nZNuk2rp51PMGk3bzfWu5oayNEuYnw==",
      "dev": true,
      "bin": {
        "rollup": "dist/bin/rollup"
      },
      "engines": {
        "node": ">=10.0.0"
      },
      "optionalDependencies": {
        "fsevents": "~2.3.2"
      }
    },
    "node_modules/supports-preserve-symlinks-flag": {
      "version": "1.0.0",
      "resolved": "https://mirrors.cloud.tencent.com/npm/supports-preserve-symlinks-flag/-/supports-preserve-symlinks-flag-1.0.0.tgz",
      "integrity": "sha512-ot0WnXS9fgdkgIcePe6RHNk1WA8+muPa6cSjeR3V8K27q9BB1rTE3R1p7Hv0z1ZyAc8s6Vvv8DIyWf681MAt0w==",
      "dev": true,
      "engines": {
        "node": ">= 0.4"
      },
      "funding": {
        "url": "https://github.com/sponsors/ljharb"
      }
    },
    "node_modules/three": {
      "version": "0.135.0",
      "resolved": "https://mirrors.cloud.tencent.com/npm/three/-/three-0.135.0.tgz",
      "integrity": "sha512-kuEpuuxRzLv0MDsXai9huCxOSQPZ4vje6y0gn80SRmQvgz6/+rI0NAvCRAw56zYaWKMGMfqKWsxF9Qa2Z9xymQ=="
    },
    "node_modules/three-mesh-bvh": {
      "version": "0.5.21",
      "resolved": "https://mirrors.cloud.tencent.com/npm/three-mesh-bvh/-/three-mesh-bvh-0.5.21.tgz",
      "integrity": "sha512-TGXPk7YwtlU5rgQJYA25OT6yAdBMeekfC4BTkGNtTWA5glb2rmEpjxvhZncRQSl73QZir2LFOQT0FjfzgG55xw==",
      "peerDependencies": {
        "three": ">= 0.123.0"
      }
    },
    "node_modules/web-ifc": {
      "version": "0.0.35",
      "resolved": "https://mirrors.cloud.tencent.com/npm/web-ifc/-/web-ifc-0.0.35.tgz",
      "integrity": "sha512-if/L9RiJAD+jJ1oWtHj44+o2NG6K6azK0otE9Pbppr5hNBnouYfJQNmnHZ+Ya+wZeaByo9KeU64D60Y6lFnT4w=="
    },
    "node_modules/web-ifc-three": {
      "version": "0.0.117",
      "resolved": "https://mirrors.cloud.tencent.com/npm/web-ifc-three/-/web-ifc-three-0.0.117.tgz",
      "integrity": "sha512-gXSaKehOkAQw2Di7v6LOqazhquVqdoaueMjiuqNX2OBEFnHFCLUF+9KMlzx3tPUmmcS9fTDRim/dskcGXH/32g==",
      "dependencies": {
        "three": "^0.135.0",
        "three-mesh-bvh": "^0.5.11",
        "web-ifc": "^0.0.35"
      },
      "peerDependencies": {
        "three": "^0.135.0"
      }
    },
    "node_modules/web-ifc-viewer": {
      "version": "1.0.218",
      "resolved": "https://mirrors.cloud.tencent.com/npm/web-ifc-viewer/-/web-ifc-viewer-1.0.218.tgz",
      "integrity": "sha512-qLY36+KFNG9g6VTGplVks3WyAm6DxdmGXfKyTCaDcg993sbHBn+KpeMyP75RNIwjvZ3pg2yPgPV3U9vJ1LITtA==",
      "dependencies": {
        "camera-controls": "^1.33.1",
        "dat.gui": "^0.7.7",
        "gsap": "^3.7.1",
        "three-mesh-bvh": "^0.5.11",
        "web-ifc": "^0.0.39",
        "web-ifc-three": "^0.0.125"
      },
      "peerDependencies": {
        "three": "^0.135.0"
      }
    },
    "node_modules/web-ifc-viewer/node_modules/web-ifc": {
      "version": "0.0.39",
      "resolved": "https://mirrors.cloud.tencent.com/npm/web-ifc/-/web-ifc-0.0.39.tgz",
      "integrity": "sha512-sg+DyxDiyXBqlXXbz+uSqw8IGX+mVvHmn2+hg6UXDvAcrzJJw8EI2H4ZzlxWxCqqdpGVeK0wCpdeQm43UCDbrA=="
    },
    "node_modules/web-ifc-viewer/node_modules/web-ifc-three": {
      "version": "0.0.125",
      "resolved": "https://mirrors.cloud.tencent.com/npm/web-ifc-three/-/web-ifc-three-0.0.125.tgz",
      "integrity": "sha512-i9hnYQq5XOEJ/eeYgwe44IAiIgbjn46zOcuEuvkV+8liutrDHitv8Ct126BNOBaoe7B9ZYnQk8CL9/YEtdtGOQ==",
      "dependencies": {
        "three-mesh-bvh": "0.5.21",
        "web-ifc": "^0.0.39"
      },
      "peerDependencies": {
        "three": "^0.149.0"
      }
    }
  }
}
